<Solution>
  <Folder Name="/src/BuildingBlocks/">
    <Project Path="src/BuildingBlocks/Platform.ProblemDetails/Platform.ProblemDetails.csproj" />
    <Project Path="src/BuildingBlocks/Platform.Persistence/Platform.Persistence.csproj" />
    <Project Path="src/BuildingBlocks/Platform.Messaging/Platform.Messaging.csproj" />
    <Project Path="src/BuildingBlocks/Platform.ObjectStorage/Platform.ObjectStorage.csproj" />
    <Project Path="src/BuildingBlocks/Platform.Observability/Platform.Observability.csproj" />
    <Project Path="src/BuildingBlocks/Platform.Security/Platform.Security.csproj" />
  </Folder>
  <Folder Name="/src/Catalog/">
    <Project Path="src/Catalog/Catalog.Domain/Catalog.Domain.csproj" />
    <Project Path="src/Catalog/Catalog.Contracts/Catalog.Contracts.csproj" />
    <Project Path="src/Catalog/Catalog.Application/Catalog.Application.csproj" />
    <Project Path="src/Catalog/Catalog.Event.Worker/Catalog.Event.Worker.csproj" />
    <Project Path="src/Catalog/Catalog.Infrastructure/Catalog.Infrastructure.csproj" />
    <Project Path="src/Catalog/Catalog.Api/Catalog.Api.csproj" />
    <Project Path="src/Catalog/Catalog.Worker/Catalog.Worker.csproj" />
    <Project Path="src/Catalog/Catalog.Migrations/Catalog.Migrations.csproj" />
  </Folder>
  <Folder Name="/src/Query/">
    <Project Path="src/Query/Query.Domain/Query.Domain.csproj" />
    <Project Path="src/Query/Query.Contracts/Query.Contracts.csproj" />
    <Project Path="src/Query/Query.Application/Query.Application.csproj" />
    <Project Path="src/Query/Query.Infrastructure/Query.Infrastructure.csproj" />
    <Project Path="src/Query/Query.Api/Query.Api.csproj" />
    <Project Path="src/Query/Query.Worker/Query.Worker.csproj" />
    <Project Path="src/Query/Query.Migrations/Query.Migrations.csproj" />
  </Folder>
  <Folder Name="/src/Ingestion/">
    <Project Path="src/Ingestion/Ingestion.Domain/Ingestion.Domain.csproj" />
    <Project Path="src/Ingestion/Ingestion.Contracts/Ingestion.Contracts.csproj" />
    <Project Path="src/Ingestion/Ingestion.Application/Ingestion.Application.csproj" />
    <Project Path="src/Ingestion/Ingestion.Infrastructure/Ingestion.Infrastructure.csproj" />
    <Project Path="src/Ingestion/Ingestion.Api/Ingestion.Api.csproj" />
    <Project Path="src/Ingestion/Ingestion.Migrations/Ingestion.Migrations.csproj" />
    <Project Path="src/Ingestion/Ingestion.Collector.Contracts/Ingestion.Collector.Contracts.csproj" />
    <Project Path="src/Ingestion/Ingestion.Collector.Application/Ingestion.Collector.Application.csproj" />
    <Project Path="src/Ingestion/Ingestion.Collector.Domain/Ingestion.Collector.Domain.csproj" />
    <Project Path="src/Ingestion/Ingestion.Collector.Infrastructure/Ingestion.Collector.Infrastructure.csproj" />
    <Project Path="src/Ingestion/Ingestion.Collector.Api/Ingestion.Collector.Api.csproj" />
    <Project Path="src/Ingestion/Ingestion.Collector.Migrations/Ingestion.Collector.Migrations.csproj" />
    <Project Path="src/Ingestion/Ingestion.Worker/Ingestion.Worker.csproj" />
  </Folder>
  <Folder Name="/src/" />
  <Folder Name="/src/Analytics/">
    <Project Path="src/Analytics/Analytics.Domain/Analytics.Domain.csproj" />
    <Project Path="src/Analytics/Analytics.Contracts/Analytics.Contracts.csproj" />
    <Project Path="src/Analytics/Analytics.Application/Analytics.Application.csproj" />
    <Project Path="src/Analytics/Analytics.Infrastructure/Analytics.Infrastructure.csproj" />
    <Project Path="src/Analytics/Analytics.Api/Analytics.Api.csproj" />
    <Project Path="src/Analytics/Analytics.Migrations/Analytics.Migrations.csproj" />
    <Project Path="src/Analytics/Analytics.Worker/Analytics.Worker.csproj" />
  </Folder>
  <Folder Name="/src/Promotion/">
    <Project Path="src/Promotion/Promotion.Domain/Promotion.Domain.csproj" />
    <Project Path="src/Promotion/Promotion.Contracts/Promotion.Contracts.csproj" />
    <Project Path="src/Promotion/Promotion.Application/Promotion.Application.csproj" />
    <Project Path="src/Promotion/Promotion.Infrastructure/Promotion.Infrastructure.csproj" />
    <Project Path="src/Promotion/Promotion.Api/Promotion.Api.csproj" />
    <Project Path="src/Promotion/Promotion.Migrations/Promotion.Migrations.csproj" />
    <Project Path="src/Promotion/Promotion.Overlay.Api/Promotion.Overlay.Api.csproj" />
    <Project Path="src/Promotion/Promotion.Overlay.Application/Promotion.Overlay.Application.csproj" />
    <Project Path="src/Promotion/Promotion.Overlay.Infrastructure/Promotion.Overlay.Infrastructure.csproj" />
    <Project Path="src/Promotion/Promotion.Overlay.Migrations/Promotion.Overlay.Migrations.csproj" />
    <Project Path="src/Promotion/Promotion.Overlay.Worker/Promotion.Overlay.Worker.csproj" />
    <Project Path="src/Promotion/Promotion.Worker/Promotion.Worker.csproj" />
  </Folder>
  <Folder Name="/tests/">
    <Project Path="tests/Architecture.Tests/Architecture.Tests.csproj" />
  </Folder>
  <Folder Name="/tests/BuildingBlocks/">
    <Project Path="tests/BuildingBlocks/Platform.Messaging.Tests/Platform.Messaging.Tests.csproj" />
  </Folder>
  <Folder Name="/tests/Catalog/">
    <Project Path="tests/Catalog/Catalog.Domain.Tests/Catalog.Domain.Tests.csproj" />
    <Project Path="tests/Catalog/Catalog.Application.Tests/Catalog.Application.Tests.csproj" />
    <Project Path="tests/Catalog/Catalog.Api.Tests/Catalog.Api.Tests.csproj" />
    <Project Path="tests/Catalog/Catalog.Ingestion.Api.Tests/Catalog.Ingestion.Api.Tests.csproj" />
    <Project Path="tests/Catalog/Catalog.Ingestion.Tests/Catalog.Ingestion.Tests.csproj" />
    <Project Path="tests/Catalog/Catalog.Worker.Tests/Catalog.Worker.Tests.csproj" />
  </Folder>
  <Folder Name="/tests/Query/">
    <Project Path="tests/Query/Query.Domain.Tests/Query.Domain.Tests.csproj" />
    <Project Path="tests/Query/Query.Application.Tests/Query.Application.Tests.csproj" />
    <Project Path="tests/Query/Query.Infrastructure.Tests/Query.Infrastructure.Tests.csproj" />
    <Project Path="tests/Query/Query.Api.Tests/Query.Api.Tests.csproj" />
    <Project Path="tests/Query/Query.Worker.Tests/Query.Worker.Tests.csproj" />
  </Folder>
  <Folder Name="/tests/Ingestion/">
    <Project Path="tests/Ingestion/Ingestion.Collector.Api.Tests/Ingestion.Collector.Api.Tests.csproj" />
    <Project Path="tests/Ingestion/Ingestion.Collector.Application.Tests/Ingestion.Collector.Application.Tests.csproj" />
    <Project Path="tests/Ingestion/Ingestion.Domain.Tests/Ingestion.Domain.Tests.csproj" />
    <Project Path="tests/Ingestion/Ingestion.Application.Tests/Ingestion.Application.Tests.csproj" />
    <Project Path="tests/Ingestion/Ingestion.Infrastructure.Tests/Ingestion.Infrastructure.Tests.csproj" />
    <Project Path="tests/Ingestion/Ingestion.Api.Tests/Ingestion.Api.Tests.csproj" />
    <Project Path="tests/Ingestion/Ingestion.Processing.Tests/Ingestion.Processing.Tests.csproj" />
  </Folder>
  <Folder Name="/tests/Acceptance/">
    <Project Path="tests/Acceptance/Acceptance.Control/Acceptance.Control.csproj" />
    <Project Path="tests/Acceptance/Acceptance.Identity/Acceptance.Identity.csproj" />
    <Project Path="tests/Acceptance/Acceptance.Runner/Acceptance.Runner.csproj" />
  </Folder>
  <Folder Name="/tests/Analytics/">
    <Project Path="tests/Analytics/Analytics.Domain.Tests/Analytics.Domain.Tests.csproj" />
    <Project Path="tests/Analytics/Analytics.Application.Tests/Analytics.Application.Tests.csproj" />
    <Project Path="tests/Analytics/Analytics.Infrastructure.Tests/Analytics.Infrastructure.Tests.csproj" />
    <Project Path="tests/Analytics/Analytics.Api.Tests/Analytics.Api.Tests.csproj" />
    <Project Path="tests/Analytics/Analytics.Runtime.Tests/Analytics.Runtime.Tests.csproj" />
  </Folder>
  <Folder Name="/tests/Promotion/">
    <Project Path="tests/Promotion/Promotion.Domain.Tests/Promotion.Domain.Tests.csproj" />
    <Project Path="tests/Promotion/Promotion.Application.Tests/Promotion.Application.Tests.csproj" />
    <Project Path="tests/Promotion/Promotion.Infrastructure.Tests/Promotion.Infrastructure.Tests.csproj" />
    <Project Path="tests/Promotion/Promotion.Api.Tests/Promotion.Api.Tests.csproj" />
    <Project Path="tests/Promotion/Promotion.Overlay.Api.Tests/Promotion.Overlay.Api.Tests.csproj" />
    <Project Path="tests/Promotion/Promotion.Overlay.Application.Tests/Promotion.Overlay.Application.Tests.csproj" />
    <Project Path="tests/Promotion/Promotion.Runtime.Tests/Promotion.Runtime.Tests.csproj" />
    <Project Path="tests/Promotion/Promotion.Worker.Tests/Promotion.Worker.Tests.csproj" />
  </Folder>
  <Folder Name="/tools/">
    <Project Path="tools/AnalyticsWorkerGenerator/AnalyticsWorkerGenerator.csproj" />
    <Project Path="tools/CatalogMediaRuntimeGenerator/CatalogMediaRuntimeGenerator.csproj" />
    <Project Path="tools/ContractArtifacts/ContractArtifacts.csproj" />
    <Project Path="tools/IngestionWorkerGenerator/IngestionWorkerGenerator.csproj" />
    <Project Path="tools/QueryPromotionOverlayGenerator/QueryPromotionOverlayGenerator.csproj" />
  </Folder>
</Solution>
