<Solution>
  <Folder Name="/src/BuildingBlocks/">
    <Project Path="src/BuildingBlocks/Platform.ProblemDetails/Platform.ProblemDetails.csproj" />
    <Project Path="src/BuildingBlocks/Platform.Persistence/Platform.Persistence.csproj" />
    <Project Path="src/BuildingBlocks/Platform.Messaging/Platform.Messaging.csproj" />
    <Project Path="src/BuildingBlocks/Platform.ObjectStorage/Platform.ObjectStorage.csproj" />
    <Project Path="src/BuildingBlocks/Platform.Observability/Platform.Observability.csproj" />
    <Project Path="src/BuildingBlocks/Platform.Security/Platform.Security.csproj" />
  </Folder>
  <Folder Name="/src/Catalog/">
    <Project Path="src/Catalog/Catalog.Domain/Catalog.Domain.csproj" />
    <Project Path="src/Catalog/Catalog.Contracts/Catalog.Contracts.csproj" />
    <Project Path="src/Catalog/Catalog.Application/Catalog.Application.csproj" />
    <Project Path="src/Catalog/Catalog.Infrastructure/Catalog.Infrastructure.csproj" />
    <Project Path="src/Catalog/Catalog.Api/Catalog.Api.csproj" />
    <Project Path="src/Catalog/Catalog.Migrations/Catalog.Migrations.csproj" />
  </Folder>
  <Folder Name="/src/Query/">
    <Project Path="src/Query/Query.Domain/Query.Domain.csproj" />
    <Project Path="src/Query/Query.Contracts/Query.Contracts.csproj" />
    <Project Path="src/Query/Query.Application/Query.Application.csproj" />
  </Folder>
  <Folder Name="/src/Ingestion/">
    <Project Path="src/Ingestion/Ingestion.Domain/Ingestion.Domain.csproj" />
    <Project Path="src/Ingestion/Ingestion.Contracts/Ingestion.Contracts.csproj" />
    <Project Path="src/Ingestion/Ingestion.Application/Ingestion.Application.csproj" />
  </Folder>
  <Folder Name="/tests/">
    <Project Path="tests/Architecture.Tests/Architecture.Tests.csproj" />
  </Folder>
  <Folder Name="/tests/BuildingBlocks/">
    <Project Path="tests/BuildingBlocks/Platform.Messaging.Tests/Platform.Messaging.Tests.csproj" />
  </Folder>
  <Folder Name="/tests/Catalog/">
    <Project Path="tests/Catalog/Catalog.Domain.Tests/Catalog.Domain.Tests.csproj" />
    <Project Path="tests/Catalog/Catalog.Application.Tests/Catalog.Application.Tests.csproj" />
    <Project Path="tests/Catalog/Catalog.Api.Tests/Catalog.Api.Tests.csproj" />
  </Folder>
  <Folder Name="/tests/Query/">
    <Project Path="tests/Query/Query.Domain.Tests/Query.Domain.Tests.csproj" />
    <Project Path="tests/Query/Query.Application.Tests/Query.Application.Tests.csproj" />
  </Folder>
  <Folder Name="/tests/Ingestion/">
    <Project Path="tests/Ingestion/Ingestion.Domain.Tests/Ingestion.Domain.Tests.csproj" />
    <Project Path="tests/Ingestion/Ingestion.Application.Tests/Ingestion.Application.Tests.csproj" />
  </Folder>
</Solution>
